// !$*UTF8*$!
{
	archiveVersion = 1;
	classes = {
	};
	objectVersion = 50;
	objects = {

/* Begin PBXBuildFile section */
		1608D4EC2331C96E0047BFDF /* AppDelegate.swift in Sources */ = {isa = PBXBuildFile; fileRef = 1608D4EB2331C96E0047BFDF /* AppDelegate.swift */; };
		1608D4EE2331C96E0047BFDF /* FoodListVC.swift in Sources */ = {isa = PBXBuildFile; fileRef = 1608D4ED2331C96E0047BFDF /* FoodListVC.swift */; };
		1608D4F12331C96E0047BFDF /* Main.storyboard in Resources */ = {isa = PBXBuildFile; fileRef = 1608D4EF2331C96E0047BFDF /* Main.storyboard */; };
		1608D4F42331C96E0047BFDF /* Nutriku.xcdatamodeld in Sources */ = {isa = PBXBuildFile; fileRef = 1608D4F22331C96E0047BFDF /* Nutriku.xcdatamodeld */; };
		1608D4F92331C9700047BFDF /* LaunchScreen.storyboard in Resources */ = {isa = PBXBuildFile; fileRef = 1608D4F72331C9700047BFDF /* LaunchScreen.storyboard */; };
		1658FE8C233243C5006A41F1 /* Food.swift in Sources */ = {isa = PBXBuildFile; fileRef = 1658FE8B233243C5006A41F1 /* Food.swift */; };
		1658FE8E23324EFE006A41F1 /* AddNewFoodVC.swift in Sources */ = {isa = PBXBuildFile; fileRef = 1658FE8D23324EFE006A41F1 /* AddNewFoodVC.swift */; };
		1658FE902332AE3A006A41F1 /* DetailFoodVC.swift in Sources */ = {isa = PBXBuildFile; fileRef = 1658FE8F2332AE3A006A41F1 /* DetailFoodVC.swift */; };
		1658FE9423331D1A006A41F1 /* HealthKit.framework in Frameworks */ = {isa = PBXBuildFile; fileRef = 1658FE9323331D1A006A41F1 /* HealthKit.framework */; };
		167ADC8E233460A10009732F /* NutrikuTests.swift in Sources */ = {isa = PBXBuildFile; fileRef = 167ADC8D233460A10009732F /* NutrikuTests.swift */; };
		167ADC9C233460C50009732F /* NutrikuUITests.swift in Sources */ = {isa = PBXBuildFile; fileRef = 167ADC9B233460C50009732F /* NutrikuUITests.swift */; };
		167ADCA92334631F0009732F /* NutrikuTest.swift in Sources */ = {isa = PBXBuildFile; fileRef = 167ADCA82334631F0009732F /* NutrikuTest.swift */; };
		16E5234F23336A0000CF24A3 /* LoginVC.swift in Sources */ = {isa = PBXBuildFile; fileRef = 16E5234E23336A0000CF24A3 /* LoginVC.swift */; };
		16E523512333770000CF24A3 /* Assets.xcassets in Resources */ = {isa = PBXBuildFile; fileRef = 16E523502333770000CF24A3 /* Assets.xcassets */; };
/* End PBXBuildFile section */

/* Begin PBXContainerItemProxy section */
		167ADC90233460A10009732F /* PBXContainerItemProxy */ = {
			isa = PBXContainerItemProxy;
			containerPortal = 1608D4E02331C96E0047BFDF /* Project object */;
			proxyType = 1;
			remoteGlobalIDString = 1608D4E72331C96E0047BFDF;
			remoteInfo = Nutriku;
		};
		167ADC9E233460C50009732F /* PBXContainerItemProxy */ = {
			isa = PBXContainerItemProxy;
			containerPortal = 1608D4E02331C96E0047BFDF /* Project object */;
			proxyType = 1;
			remoteGlobalIDString = 1608D4E72331C96E0047BFDF;
			remoteInfo = Nutriku;
		};
/* End PBXContainerItemProxy section */

/* Begin PBXFileReference section */
		1608D4E82331C96E0047BFDF /* Nutriku.app */ = {isa = PBXFileReference; explicitFileType = wrapper.application; includeInIndex = 0; path = Nutriku.app; sourceTree = BUILT_PRODUCTS_DIR; };
		1608D4EB2331C96E0047BFDF /* AppDelegate.swift */ = {isa = PBXFileReference; lastKnownFileType = sourcecode.swift; path = AppDelegate.swift; sourceTree = "<group>"; };
		1608D4ED2331C96E0047BFDF /* FoodListVC.swift */ = {isa = PBXFileReference; lastKnownFileType = sourcecode.swift; path = FoodListVC.swift; sourceTree = "<group>"; };
		1608D4F02331C96E0047BFDF /* Base */ = {isa = PBXFileReference; lastKnownFileType = file.storyboard; name = Base; path = Base.lproj/Main.storyboard; sourceTree = "<group>"; };
		1608D4F32331C96E0047BFDF /* Nutriku.xcdatamodel */ = {isa = PBXFileReference; lastKnownFileType = wrapper.xcdatamodel; path = Nutriku.xcdatamodel; sourceTree = "<group>"; };
		1608D4F82331C9700047BFDF /* Base */ = {isa = PBXFileReference; lastKnownFileType = file.storyboard; name = Base; path = Base.lproj/LaunchScreen.storyboard; sourceTree = "<group>"; };
		1608D4FA2331C9700047BFDF /* Info.plist */ = {isa = PBXFileReference; lastKnownFileType = text.plist.xml; path = Info.plist; sourceTree = "<group>"; };
		1658FE8B233243C5006A41F1 /* Food.swift */ = {isa = PBXFileReference; lastKnownFileType = sourcecode.swift; path = Food.swift; sourceTree = "<group>"; };
		1658FE8D23324EFE006A41F1 /* AddNewFoodVC.swift */ = {isa = PBXFileReference; lastKnownFileType = sourcecode.swift; path = AddNewFoodVC.swift; sourceTree = "<group>"; };
		1658FE8F2332AE3A006A41F1 /* DetailFoodVC.swift */ = {isa = PBXFileReference; lastKnownFileType = sourcecode.swift; path = DetailFoodVC.swift; sourceTree = "<group>"; };
		1658FE9123331D1A006A41F1 /* Nutriku.entitlements */ = {isa = PBXFileReference; lastKnownFileType = text.plist.entitlements; path = Nutriku.entitlements; sourceTree = "<group>"; };
		1658FE9323331D1A006A41F1 /* HealthKit.framework */ = {isa = PBXFileReference; lastKnownFileType = wrapper.framework; name = HealthKit.framework; path = System/Library/Frameworks/HealthKit.framework; sourceTree = SDKROOT; };
		167ADC8B233460A10009732F /* NutrikuTests.xctest */ = {isa = PBXFileReference; explicitFileType = wrapper.cfbundle; includeInIndex = 0; path = NutrikuTests.xctest; sourceTree = BUILT_PRODUCTS_DIR; };
		167ADC8D233460A10009732F /* NutrikuTests.swift */ = {isa = PBXFileReference; lastKnownFileType = sourcecode.swift; path = NutrikuTests.swift; sourceTree = "<group>"; };
		167ADC8F233460A10009732F /* Info.plist */ = {isa = PBXFileReference; lastKnownFileType = text.plist.xml; path = Info.plist; sourceTree = "<group>"; };
		167ADC99233460C50009732F /* NutrikuUITests.xctest */ = {isa = PBXFileReference; explicitFileType = wrapper.cfbundle; includeInIndex = 0; path = NutrikuUITests.xctest; sourceTree = BUILT_PRODUCTS_DIR; };
		167ADC9B233460C50009732F /* NutrikuUITests.swift */ = {isa = PBXFileReference; lastKnownFileType = sourcecode.swift; path = NutrikuUITests.swift; sourceTree = "<group>"; };
		167ADC9D233460C50009732F /* Info.plist */ = {isa = PBXFileReference; lastKnownFileType = text.plist.xml; path = Info.plist; sourceTree = "<group>"; };
		167ADCA82334631F0009732F /* NutrikuTest.swift */ = {isa = PBXFileReference; lastKnownFileType = sourcecode.swift; path = NutrikuTest.swift; sourceTree = "<group>"; };
		16E5234E23336A0000CF24A3 /* LoginVC.swift */ = {isa = PBXFileReference; lastKnownFileType = sourcecode.swift; path = LoginVC.swift; sourceTree = "<group>"; };
		16E523502333770000CF24A3 /* Assets.xcassets */ = {isa = PBXFileReference; lastKnownFileType = folder.assetcatalog; path = Assets.xcassets; sourceTree = "<group>"; };
/* End PBXFileReference section */

/* Begin PBXFrameworksBuildPhase section */
		1608D4E52331C96E0047BFDF /* Frameworks */ = {
			isa = PBXFrameworksBuildPhase;
			buildActionMask = 2147483647;
			files = (
				1658FE9423331D1A006A41F1 /* HealthKit.framework in Frameworks */,
			);
			runOnlyForDeploymentPostprocessing = 0;
		};
		167ADC88233460A10009732F /* Frameworks */ = {
			isa = PBXFrameworksBuildPhase;
			buildActionMask = 2147483647;
			files = (
			);
			runOnlyForDeploymentPostprocessing = 0;
		};
		167ADC96233460C50009732F /* Frameworks */ = {
			isa = PBXFrameworksBuildPhase;
			buildActionMask = 2147483647;
			files = (
			);
			runOnlyForDeploymentPostprocessing = 0;
		};
/* End PBXFrameworksBuildPhase section */

/* Begin PBXGroup section */
		1608D4DF2331C96E0047BFDF = {
			isa = PBXGroup;
			children = (
				1608D4EA2331C96E0047BFDF /* Nutriku */,
				167ADC81233452E10009732F /* NutrikuTest */,
				167ADC82233452F60009732F /* NutrikuUiTest */,
				167ADC8C233460A10009732F /* NutrikuTests */,
				167ADC9A233460C50009732F /* NutrikuUITests */,
				1608D4E92331C96E0047BFDF /* Products */,
				1658FE9223331D1A006A41F1 /* Frameworks */,
			);
			sourceTree = "<group>";
		};
		1608D4E92331C96E0047BFDF /* Products */ = {
			isa = PBXGroup;
			children = (
				1608D4E82331C96E0047BFDF /* Nutriku.app */,
				167ADC8B233460A10009732F /* NutrikuTests.xctest */,
				167ADC99233460C50009732F /* NutrikuUITests.xctest */,
			);
			name = Products;
			sourceTree = "<group>";
		};
		1608D4EA2331C96E0047BFDF /* Nutriku */ = {
			isa = PBXGroup;
			children = (
				1658FE8B233243C5006A41F1 /* Food.swift */,
				16E5234E23336A0000CF24A3 /* LoginVC.swift */,
				1608D4ED2331C96E0047BFDF /* FoodListVC.swift */,
				1658FE8D23324EFE006A41F1 /* AddNewFoodVC.swift */,
				1658FE8F2332AE3A006A41F1 /* DetailFoodVC.swift */,
				1608D4EF2331C96E0047BFDF /* Main.storyboard */,
				16E523502333770000CF24A3 /* Assets.xcassets */,
				1608D4F72331C9700047BFDF /* LaunchScreen.storyboard */,
				1608D4EB2331C96E0047BFDF /* AppDelegate.swift */,
				1608D4FA2331C9700047BFDF /* Info.plist */,
				1658FE9123331D1A006A41F1 /* Nutriku.entitlements */,
				1608D4F22331C96E0047BFDF /* Nutriku.xcdatamodeld */,
			);
			path = Nutriku;
			sourceTree = "<group>";
		};
		1658FE9223331D1A006A41F1 /* Frameworks */ = {
			isa = PBXGroup;
			children = (
				1658FE9323331D1A006A41F1 /* HealthKit.framework */,
			);
			name = Frameworks;
			sourceTree = "<group>";
		};
		167ADC81233452E10009732F /* NutrikuTest */ = {
			isa = PBXGroup;
			children = (
				167ADCA82334631F0009732F /* NutrikuTest.swift */,
			);
			path = NutrikuTest;
			sourceTree = "<group>";
		};
		167ADC82233452F60009732F /* NutrikuUiTest */ = {
			isa = PBXGroup;
			children = (
			);
			path = NutrikuUiTest;
			sourceTree = "<group>";
		};
		167ADC8C233460A10009732F /* NutrikuTests */ = {
			isa = PBXGroup;
			children = (
				167ADC8D233460A10009732F /* NutrikuTests.swift */,
				167ADC8F233460A10009732F /* Info.plist */,
			);
			path = NutrikuTests;
			sourceTree = "<group>";
		};
		167ADC9A233460C50009732F /* NutrikuUITests */ = {
			isa = PBXGroup;
			children = (
				167ADC9B233460C50009732F /* NutrikuUITests.swift */,
				167ADC9D233460C50009732F /* Info.plist */,
			);
			path = NutrikuUITests;
			sourceTree = "<group>";
		};
/* End PBXGroup section */

/* Begin PBXNativeTarget section */
		1608D4E72331C96E0047BFDF /* Nutriku */ = {
			isa = PBXNativeTarget;
			buildConfigurationList = 1608D4FD2331C9700047BFDF /* Build configuration list for PBXNativeTarget "Nutriku" */;
			buildPhases = (
				1608D4E42331C96E0047BFDF /* Sources */,
				1608D4E52331C96E0047BFDF /* Frameworks */,
				1608D4E62331C96E0047BFDF /* Resources */,
			);
			buildRules = (
			);
			dependencies = (
			);
			name = Nutriku;
			productName = Nutriku;
			productReference = 1608D4E82331C96E0047BFDF /* Nutriku.app */;
			productType = "com.apple.product-type.application";
		};
		167ADC8A233460A10009732F /* NutrikuTests */ = {
			isa = PBXNativeTarget;
			buildConfigurationList = 167ADC92233460A10009732F /* Build configuration list for PBXNativeTarget "NutrikuTests" */;
			buildPhases = (
				167ADC87233460A10009732F /* Sources */,
				167ADC88233460A10009732F /* Frameworks */,
				167ADC89233460A10009732F /* Resources */,
			);
			buildRules = (
			);
			dependencies = (
				167ADC91233460A10009732F /* PBXTargetDependency */,
			);
			name = NutrikuTests;
			productName = NutrikuTests;
			productReference = 167ADC8B233460A10009732F /* NutrikuTests.xctest */;
			productType = "com.apple.product-type.bundle.unit-test";
		};
		167ADC98233460C50009732F /* NutrikuUITests */ = {
			isa = PBXNativeTarget;
			buildConfigurationList = 167ADCA0233460C50009732F /* Build configuration list for PBXNativeTarget "NutrikuUITests" */;
			buildPhases = (
				167ADC95233460C50009732F /* Sources */,
				167ADC96233460C50009732F /* Frameworks */,
				167ADC97233460C50009732F /* Resources */,
			);
			buildRules = (
			);
			dependencies = (
				167ADC9F233460C50009732F /* PBXTargetDependency */,
			);
			name = NutrikuUITests;
			productName = NutrikuUITests;
			productReference = 167ADC99233460C50009732F /* NutrikuUITests.xctest */;
			productType = "com.apple.product-type.bundle.ui-testing";
		};
/* End PBXNativeTarget section */

/* Begin PBXProject section */
		1608D4E02331C96E0047BFDF /* Project object */ = {
			isa = PBXProject;
			attributes = {
				LastSwiftUpdateCheck = 1020;
				LastUpgradeCheck = 1020;
				ORGANIZATIONNAME = Falah;
				TargetAttributes = {
					1608D4E72331C96E0047BFDF = {
						CreatedOnToolsVersion = 10.2.1;
						SystemCapabilities = {
							com.apple.HealthKit = {
								enabled = 1;
							};
						};
					};
					167ADC8A233460A10009732F = {
						CreatedOnToolsVersion = 10.2.1;
						TestTargetID = 1608D4E72331C96E0047BFDF;
					};
					167ADC98233460C50009732F = {
						CreatedOnToolsVersion = 10.2.1;
						TestTargetID = 1608D4E72331C96E0047BFDF;
					};
				};
			};
			buildConfigurationList = 1608D4E32331C96E0047BFDF /* Build configuration list for PBXProject "Nutriku" */;
			compatibilityVersion = "Xcode 9.3";
			developmentRegion = en;
			hasScannedForEncodings = 0;
			knownRegions = (
				en,
				Base,
			);
			mainGroup = 1608D4DF2331C96E0047BFDF;
			productRefGroup = 1608D4E92331C96E0047BFDF /* Products */;
			projectDirPath = "";
			projectRoot = "";
			targets = (
				1608D4E72331C96E0047BFDF /* Nutriku */,
				167ADC8A233460A10009732F /* NutrikuTests */,
				167ADC98233460C50009732F /* NutrikuUITests */,
			);
		};
/* End PBXProject section */

/* Begin PBXResourcesBuildPhase section */
		1608D4E62331C96E0047BFDF /* Resources */ = {
			isa = PBXResourcesBuildPhase;
			buildActionMask = 2147483647;
			files = (
				1608D4F92331C9700047BFDF /* LaunchScreen.storyboard in Resources */,
				16E523512333770000CF24A3 /* Assets.xcassets in Resources */,
				1608D4F12331C96E0047BFDF /* Main.storyboard in Resources */,
			);
			runOnlyForDeploymentPostprocessing = 0;
		};
		167ADC89233460A10009732F /* Resources */ = {
			isa = PBXResourcesBuildPhase;
			buildActionMask = 2147483647;
			files = (
			);
			runOnlyForDeploymentPostprocessing = 0;
		};
		167ADC97233460C50009732F /* Resources */ = {
			isa = PBXResourcesBuildPhase;
			buildActionMask = 2147483647;
			files = (
			);
			runOnlyForDeploymentPostprocessing = 0;
		};
/* End PBXResourcesBuildPhase section */

/* Begin PBXSourcesBuildPhase section */
		1608D4E42331C96E0047BFDF /* Sources */ = {
			isa = PBXSourcesBuildPhase;
			buildActionMask = 2147483647;
			files = (
				1608D4F42331C96E0047BFDF /* Nutriku.xcdatamodeld in Sources */,
				1658FE8E23324EFE006A41F1 /* AddNewFoodVC.swift in Sources */,
				16E5234F23336A0000CF24A3 /* LoginVC.swift in Sources */,
				1658FE8C233243C5006A41F1 /* Food.swift in Sources */,
				1608D4EE2331C96E0047BFDF /* FoodListVC.swift in Sources */,
				1608D4EC2331C96E0047BFDF /* AppDelegate.swift in Sources */,
				1658FE902332AE3A006A41F1 /* DetailFoodVC.swift in Sources */,
			);
			runOnlyForDeploymentPostprocessing = 0;
		};
		167ADC87233460A10009732F /* Sources */ = {
			isa = PBXSourcesBuildPhase;
			buildActionMask = 2147483647;
			files = (
				167ADCA92334631F0009732F /* NutrikuTest.swift in Sources */,
				167ADC8E233460A10009732F /* NutrikuTests.swift in Sources */,
			);
			runOnlyForDeploymentPostprocessing = 0;
		};
		167ADC95233460C50009732F /* Sources */ = {
			isa = PBXSourcesBuildPhase;
			buildActionMask = 2147483647;
			files = (
				167ADC9C233460C50009732F /* NutrikuUITests.swift in Sources */,
			);
			runOnlyForDeploymentPostprocessing = 0;
		};
/* End PBXSourcesBuildPhase section */

/* Begin PBXTargetDependency section */
		167ADC91233460A10009732F /* PBXTargetDependency */ = {
			isa = PBXTargetDependency;
			target = 1608D4E72331C96E0047BFDF /* Nutriku */;
			targetProxy = 167ADC90233460A10009732F /* PBXContainerItemProxy */;
		};
		167ADC9F233460C50009732F /* PBXTargetDependency */ = {
			isa = PBXTargetDependency;
			target = 1608D4E72331C96E0047BFDF /* Nutriku */;
			targetProxy = 167ADC9E233460C50009732F /* PBXContainerItemProxy */;
		};
/* End PBXTargetDependency section */

/* Begin PBXVariantGroup section */
		1608D4EF2331C96E0047BFDF /* Main.storyboard */ = {
			isa = PBXVariantGroup;
			children = (
				1608D4F02331C96E0047BFDF /* Base */,
			);
			name = Main.storyboard;
			sourceTree = "<group>";
		};
		1608D4F72331C9700047BFDF /* LaunchScreen.storyboard */ = {
			isa = PBXVariantGroup;
			children = (
				1608D4F82331C9700047BFDF /* Base */,
			);
			name = LaunchScreen.storyboard;
			sourceTree = "<group>";
		};
/* End PBXVariantGroup section */

/* Begin XCBuildConfiguration section */
		1608D4FB2331C9700047BFDF /* Debug */ = {
			isa = XCBuildConfiguration;
			buildSettings = {
				ALWAYS_SEARCH_USER_PATHS = NO;
				CLANG_ANALYZER_NONNULL = YES;
				CLANG_ANALYZER_NUMBER_OBJECT_CONVERSION = YES_AGGRESSIVE;
				CLANG_CXX_LANGUAGE_STANDARD = "gnu++14";
				CLANG_CXX_LIBRARY = "libc++";
				CLANG_ENABLE_MODULES = YES;
				CLANG_ENABLE_OBJC_ARC = YES;
				CLANG_ENABLE_OBJC_WEAK = YES;
				CLANG_WARN_BLOCK_CAPTURE_AUTORELEASING = YES;
				CLANG_WARN_BOOL_CONVERSION = YES;
				CLANG_WARN_COMMA = YES;
				CLANG_WARN_CONSTANT_CONVERSION = YES;
				CLANG_WARN_DEPRECATED_OBJC_IMPLEMENTATIONS = YES;
				CLANG_WARN_DIRECT_OBJC_ISA_USAGE = YES_ERROR;
				CLANG_WARN_DOCUMENTATION_COMMENTS = YES;
				CLANG_WARN_EMPTY_BODY = YES;
				CLANG_WARN_ENUM_CONVERSION = YES;
				CLANG_WARN_INFINITE_RECURSION = YES;
				CLANG_WARN_INT_CONVERSION = YES;
				CLANG_WARN_NON_LITERAL_NULL_CONVERSION = YES;
				CLANG_WARN_OBJC_IMPLICIT_RETAIN_SELF = YES;
				CLANG_WARN_OBJC_LITERAL_CONVERSION = YES;
				CLANG_WARN_OBJC_ROOT_CLASS = YES_ERROR;
				CLANG_WARN_RANGE_LOOP_ANALYSIS = YES;
				CLANG_WARN_STRICT_PROTOTYPES = YES;
				CLANG_WARN_SUSPICIOUS_MOVE = YES;
				CLANG_WARN_UNGUARDED_AVAILABILITY = YES_AGGRESSIVE;
				CLANG_WARN_UNREACHABLE_CODE = YES;
				CLANG_WARN__DUPLICATE_METHOD_MATCH = YES;
				CODE_SIGN_IDENTITY = "iPhone Developer";
				COPY_PHASE_STRIP = NO;
				DEBUG_INFORMATION_FORMAT = dwarf;
				ENABLE_STRICT_OBJC_MSGSEND = YES;
				ENABLE_TESTABILITY = YES;
				GCC_C_LANGUAGE_STANDARD = gnu11;
				GCC_DYNAMIC_NO_PIC = NO;
				GCC_NO_COMMON_BLOCKS = YES;
				GCC_OPTIMIZATION_LEVEL = 0;
				GCC_PREPROCESSOR_DEFINITIONS = (
					"DEBUG=1",
					"$(inherited)",
				);
				GCC_WARN_64_TO_32_BIT_CONVERSION = YES;
				GCC_WARN_ABOUT_RETURN_TYPE = YES_ERROR;
				GCC_WARN_UNDECLARED_SELECTOR = YES;
				GCC_WARN_UNINITIALIZED_AUTOS = YES_AGGRESSIVE;
				GCC_WARN_UNUSED_FUNCTION = YES;
				GCC_WARN_UNUSED_VARIABLE = YES;
				IPHONEOS_DEPLOYMENT_TARGET = 12.2;
				MTL_ENABLE_DEBUG_INFO = INCLUDE_SOURCE;
				MTL_FAST_MATH = YES;
				ONLY_ACTIVE_ARCH = YES;
				SDKROOT = iphoneos;
				SWIFT_ACTIVE_COMPILATION_CONDITIONS = DEBUG;
				SWIFT_OPTIMIZATION_LEVEL = "-Onone";
			};
			name = Debug;
		};
		1608D4FC2331C9700047BFDF /* Release */ = {
			isa = XCBuildConfiguration;
			buildSettings = {
				ALWAYS_SEARCH_USER_PATHS = NO;
				CLANG_ANALYZER_NONNULL = YES;
				CLANG_ANALYZER_NUMBER_OBJECT_CONVERSION = YES_AGGRESSIVE;
				CLANG_CXX_LANGUAGE_STANDARD = "gnu++14";
				CLANG_CXX_LIBRARY = "libc++";
				CLANG_ENABLE_MODULES = YES;
				CLANG_ENABLE_OBJC_ARC = YES;
				CLANG_ENABLE_OBJC_WEAK = YES;
				CLANG_WARN_BLOCK_CAPTURE_AUTORELEASING = YES;
				CLANG_WARN_BOOL_CONVERSION = YES;
				CLANG_WARN_COMMA = YES;
				CLANG_WARN_CONSTANT_CONVERSION = YES;
				CLANG_WARN_DEPRECATED_OBJC_IMPLEMENTATIONS = YES;
				CLANG_WARN_DIRECT_OBJC_ISA_USAGE = YES_ERROR;
				CLANG_WARN_DOCUMENTATION_COMMENTS = YES;
				CLANG_WARN_EMPTY_BODY = YES;
				CLANG_WARN_ENUM_CONVERSION = YES;
				CLANG_WARN_INFINITE_RECURSION = YES;
				CLANG_WARN_INT_CONVERSION = YES;
				CLANG_WARN_NON_LITERAL_NULL_CONVERSION = YES;
				CLANG_WARN_OBJC_IMPLICIT_RETAIN_SELF = YES;
				CLANG_WARN_OBJC_LITERAL_CONVERSION = YES;
				CLANG_WARN_OBJC_ROOT_CLASS = YES_ERROR;
				CLANG_WARN_RANGE_LOOP_ANALYSIS = YES;
				CLANG_WARN_STRICT_PROTOTYPES = YES;
				CLANG_WARN_SUSPICIOUS_MOVE = YES;
				CLANG_WARN_UNGUARDED_AVAILABILITY = YES_AGGRESSIVE;
				CLANG_WARN_UNREACHABLE_CODE = YES;
				CLANG_WARN__DUPLICATE_METHOD_MATCH = YES;
				CODE_SIGN_IDENTITY = "iPhone Developer";
				COPY_PHASE_STRIP = NO;
				DEBUG_INFORMATION_FORMAT = "dwarf-with-dsym";
				ENABLE_NS_ASSERTIONS = NO;
				ENABLE_STRICT_OBJC_MSGSEND = YES;
				GCC_C_LANGUAGE_STANDARD = gnu11;
				GCC_NO_COMMON_BLOCKS = YES;
				GCC_WARN_64_TO_32_BIT_CONVERSION = YES;
				GCC_WARN_ABOUT_RETURN_TYPE = YES_ERROR;
				GCC_WARN_UNDECLARED_SELECTOR = YES;
				GCC_WARN_UNINITIALIZED_AUTOS = YES_AGGRESSIVE;
				GCC_WARN_UNUSED_FUNCTION = YES;
				GCC_WARN_UNUSED_VARIABLE = YES;
				IPHONEOS_DEPLOYMENT_TARGET = 12.2;
				MTL_ENABLE_DEBUG_INFO = NO;
				MTL_FAST_MATH = YES;
				SDKROOT = iphoneos;
				SWIFT_COMPILATION_MODE = wholemodule;
				SWIFT_OPTIMIZATION_LEVEL = "-O";
				VALIDATE_PRODUCT = YES;
			};
			name = Release;
		};
		1608D4FE2331C9700047BFDF /* Debug */ = {
			isa = XCBuildConfiguration;
			buildSettings = {
				ASSETCATALOG_COMPILER_APPICON_NAME = AppIcon;
				CODE_SIGN_ENTITLEMENTS = Nutriku/Nutriku.entitlements;
				CODE_SIGN_STYLE = Automatic;
				DEVELOPMENT_TEAM = L2RW8586XY;
				INFOPLIST_FILE = Nutriku/Info.plist;
				LD_RUNPATH_SEARCH_PATHS = (
					"$(inherited)",
					"@executable_path/Frameworks",
				);
				PRODUCT_BUNDLE_IDENTIFIER = com.syamsulfalah.Nutriku;
				PRODUCT_NAME = "$(TARGET_NAME)";
				SWIFT_VERSION = 5.0;
				TARGETED_DEVICE_FAMILY = "1,2";
			};
			name = Debug;
		};
		1608D4FF2331C9700047BFDF /* Release */ = {
			isa = XCBuildConfiguration;
			buildSettings = {
				ASSETCATALOG_COMPILER_APPICON_NAME = AppIcon;
				CODE_SIGN_ENTITLEMENTS = Nutriku/Nutriku.entitlements;
				CODE_SIGN_STYLE = Automatic;
				DEVELOPMENT_TEAM = L2RW8586XY;
				INFOPLIST_FILE = Nutriku/Info.plist;
				LD_RUNPATH_SEARCH_PATHS = (
					"$(inherited)",
					"@executable_path/Frameworks",
				);
				PRODUCT_BUNDLE_IDENTIFIER = com.syamsulfalah.Nutriku;
				PRODUCT_NAME = "$(TARGET_NAME)";
				SWIFT_VERSION = 5.0;
				TARGETED_DEVICE_FAMILY = "1,2";
			};
			name = Release;
		};
		167ADC93233460A10009732F /* Debug */ = {
			isa = XCBuildConfiguration;
			buildSettings = {
				BUNDLE_LOADER = "$(TEST_HOST)";
				CODE_SIGN_STYLE = Automatic;
				DEVELOPMENT_TEAM = L2RW8586XY;
				INFOPLIST_FILE = NutrikuTests/Info.plist;
				LD_RUNPATH_SEARCH_PATHS = (
					"$(inherited)",
					"@executable_path/Frameworks",
					"@loader_path/Frameworks",
				);
				PRODUCT_BUNDLE_IDENTIFIER = com.syamsulfalah.NutrikuTests;
				PRODUCT_NAME = "$(TARGET_NAME)";
				SWIFT_VERSION = 5.0;
				TARGETED_DEVICE_FAMILY = "1,2";
				TEST_HOST = "$(BUILT_PRODUCTS_DIR)/Nutriku.app/Nutriku";
			};
			name = Debug;
		};
		167ADC94233460A10009732F /* Release */ = {
			isa = XCBuildConfiguration;
			buildSettings = {
				BUNDLE_LOADER = "$(TEST_HOST)";
				CODE_SIGN_STYLE = Automatic;
				DEVELOPMENT_TEAM = L2RW8586XY;
				INFOPLIST_FILE = NutrikuTests/Info.plist;
				LD_RUNPATH_SEARCH_PATHS = (
					"$(inherited)",
					"@executable_path/Frameworks",
					"@loader_path/Frameworks",
				);
				PRODUCT_BUNDLE_IDENTIFIER = com.syamsulfalah.NutrikuTests;
				PRODUCT_NAME = "$(TARGET_NAME)";
				SWIFT_VERSION = 5.0;
				TARGETED_DEVICE_FAMILY = "1,2";
				TEST_HOST = "$(BUILT_PRODUCTS_DIR)/Nutriku.app/Nutriku";
			};
			name = Release;
		};
		167ADCA1233460C50009732F /* Debug */ = {
			isa = XCBuildConfiguration;
			buildSettings = {
				CODE_SIGN_STYLE = Automatic;
				DEVELOPMENT_TEAM = L2RW8586XY;
				INFOPLIST_FILE = NutrikuUITests/Info.plist;
				LD_RUNPATH_SEARCH_PATHS = (
					"$(inherited)",
					"@executable_path/Frameworks",
					"@loader_path/Frameworks",
				);
				PRODUCT_BUNDLE_IDENTIFIER = com.syamsulfalah.NutrikuUITests;
				PRODUCT_NAME = "$(TARGET_NAME)";
				SWIFT_VERSION = 5.0;
				TARGETED_DEVICE_FAMILY = "1,2";
				TEST_TARGET_NAME = Nutriku;
			};
			name = Debug;
		};
		167ADCA2233460C50009732F /* Release */ = {
			isa = XCBuildConfiguration;
			buildSettings = {
				CODE_SIGN_STYLE = Automatic;
				DEVELOPMENT_TEAM = L2RW8586XY;
				INFOPLIST_FILE = NutrikuUITests/Info.plist;
				LD_RUNPATH_SEARCH_PATHS = (
					"$(inherited)",
					"@executable_path/Frameworks",
					"@loader_path/Frameworks",
				);
				PRODUCT_BUNDLE_IDENTIFIER = com.syamsulfalah.NutrikuUITests;
				PRODUCT_NAME = "$(TARGET_NAME)";
				SWIFT_VERSION = 5.0;
				TARGETED_DEVICE_FAMILY = "1,2";
				TEST_TARGET_NAME = Nutriku;
			};
			name = Release;
		};
/* End XCBuildConfiguration section */

/* Begin XCConfigurationList section */
		1608D4E32331C96E0047BFDF /* Build configuration list for PBXProject "Nutriku" */ = {
			isa = XCConfigurationList;
			buildConfigurations = (
				1608D4FB2331C9700047BFDF /* Debug */,
				1608D4FC2331C9700047BFDF /* Release */,
			);
			defaultConfigurationIsVisible = 0;
			defaultConfigurationName = Release;
		};
		1608D4FD2331C9700047BFDF /* Build configuration list for PBXNativeTarget "Nutriku" */ = {
			isa = XCConfigurationList;
			buildConfigurations = (
				1608D4FE2331C9700047BFDF /* Debug */,
				1608D4FF2331C9700047BFDF /* Release */,
			);
			defaultConfigurationIsVisible = 0;
			defaultConfigurationName = Release;
		};
		167ADC92233460A10009732F /* Build configuration list for PBXNativeTarget "NutrikuTests" */ = {
			isa = XCConfigurationList;
			buildConfigurations = (
				167ADC93233460A10009732F /* Debug */,
				167ADC94233460A10009732F /* Release */,
			);
			defaultConfigurationIsVisible = 0;
			defaultConfigurationName = Release;
		};
		167ADCA0233460C50009732F /* Build configuration list for PBXNativeTarget "NutrikuUITests" */ = {
			isa = XCConfigurationList;
			buildConfigurations = (
				167ADCA1233460C50009732F /* Debug */,
				167ADCA2233460C50009732F /* Release */,
			);
			defaultConfigurationIsVisible = 0;
			defaultConfigurationName = Release;
		};
/* End XCConfigurationList section */

/* Begin XCVersionGroup section */
		1608D4F22331C96E0047BFDF /* Nutriku.xcdatamodeld */ = {
			isa = XCVersionGroup;
			children = (
				1608D4F32331C96E0047BFDF /* Nutriku.xcdatamodel */,
			);
			currentVersion = 1608D4F32331C96E0047BFDF /* Nutriku.xcdatamodel */;
			path = Nutriku.xcdatamodeld;
			sourceTree = "<group>";
			versionGroupType = wrapper.xcdatamodel;
		};
/* End XCVersionGroup section */
	};
	rootObject = 1608D4E02331C96E0047BFDF /* Project object */;
}
